
Microsoft Visual Studio Solution File, Format Version 12.00
# Visual Studio Version 17
VisualStudioVersion = 17.5.002.0
MinimumVisualStudioVersion = 10.0.40219.1
Project("{2150E333-8FDC-42A3-9474-1A3956D46DE8}") = "functions", "functions", "{AC76A36F-8124-46DA-BA5F-6BEC9AD1877E}"
EndProject
Project("{9A19103F-16F7-4668-BE54-9A1E7A4F7556}") = "Task1", "functions\Task1\Task1.csproj", "{16476273-59FD-4188-B7CA-F2EFA322B3B2}"
EndProject
Project("{9A19103F-16F7-4668-BE54-9A1E7A4F7556}") = "Task2", "functions\Task2\Task2.csproj", "{F8906823-E21D-41FD-98B7-812CE37741DD}"
EndProject
Project("{2150E333-8FDC-42A3-9474-1A3956D46DE8}") = "Massive", "Massive", "{36E51E86-E7ED-4DEF-9D98-DC0E0EE8C36C}"
EndProject
Project("{9A19103F-16F7-4668-BE54-9A1E7A4F7556}") = "Task1", "Massive\Task1\Task1.csproj", "{24D25782-1D9D-44FC-B348-3974F4B5B2D5}"
EndProject
Project("{9A19103F-16F7-4668-BE54-9A1E7A4F7556}") = "Task2", "Massive\Task2\Task2.csproj", "{26E3F8BA-3D08-4050-AFDB-76D36CB7AAC8}"
EndProject
Project("{9A19103F-16F7-4668-BE54-9A1E7A4F7556}") = "Task3", "Massive\Task3\Task3.csproj", "{84665507-787D-40E0-84D8-ACB70DFEB295}"
EndProject
Project("{9A19103F-16F7-4668-BE54-9A1E7A4F7556}") = "Task4", "Massive\Task4\Task4.csproj", "{B4896761-F90B-42B0-85F8-A37C71A04171}"
EndProject
Project("{2150E333-8FDC-42A3-9474-1A3956D46DE8}") = "homework", "homework", "{1829C552-28A9-40B8-B36F-B1F918CE40E5}"
EndProject
Project("{9A19103F-16F7-4668-BE54-9A1E7A4F7556}") = "Task1", "functions\homework\Task1\Task1.csproj", "{149084CE-1E32-491D-8878-36DE58F563E1}"
EndProject
Global
	GlobalSection(SolutionConfigurationPlatforms) = preSolution
		Debug|Any CPU = Debug|Any CPU
		Release|Any CPU = Release|Any CPU
	EndGlobalSection
	GlobalSection(ProjectConfigurationPlatforms) = postSolution
		{16476273-59FD-4188-B7CA-F2EFA322B3B2}.Debug|Any CPU.ActiveCfg = Debug|Any CPU
		{16476273-59FD-4188-B7CA-F2EFA322B3B2}.Debug|Any CPU.Build.0 = Debug|Any CPU
		{16476273-59FD-4188-B7CA-F2EFA322B3B2}.Release|Any CPU.ActiveCfg = Release|Any CPU
		{16476273-59FD-4188-B7CA-F2EFA322B3B2}.Release|Any CPU.Build.0 = Release|Any CPU
		{F8906823-E21D-41FD-98B7-812CE37741DD}.Debug|Any CPU.ActiveCfg = Debug|Any CPU
		{F8906823-E21D-41FD-98B7-812CE37741DD}.Debug|Any CPU.Build.0 = Debug|Any CPU
		{F8906823-E21D-41FD-98B7-812CE37741DD}.Release|Any CPU.ActiveCfg = Release|Any CPU
		{F8906823-E21D-41FD-98B7-812CE37741DD}.Release|Any CPU.Build.0 = Release|Any CPU
		{24D25782-1D9D-44FC-B348-3974F4B5B2D5}.Debug|Any CPU.ActiveCfg = Debug|Any CPU
		{24D25782-1D9D-44FC-B348-3974F4B5B2D5}.Debug|Any CPU.Build.0 = Debug|Any CPU
		{24D25782-1D9D-44FC-B348-3974F4B5B2D5}.Release|Any CPU.ActiveCfg = Release|Any CPU
		{24D25782-1D9D-44FC-B348-3974F4B5B2D5}.Release|Any CPU.Build.0 = Release|Any CPU
		{26E3F8BA-3D08-4050-AFDB-76D36CB7AAC8}.Debug|Any CPU.ActiveCfg = Debug|Any CPU
		{26E3F8BA-3D08-4050-AFDB-76D36CB7AAC8}.Debug|Any CPU.Build.0 = Debug|Any CPU
		{26E3F8BA-3D08-4050-AFDB-76D36CB7AAC8}.Release|Any CPU.ActiveCfg = Release|Any CPU
		{26E3F8BA-3D08-4050-AFDB-76D36CB7AAC8}.Release|Any CPU.Build.0 = Release|Any CPU
		{84665507-787D-40E0-84D8-ACB70DFEB295}.Debug|Any CPU.ActiveCfg = Debug|Any CPU
		{84665507-787D-40E0-84D8-ACB70DFEB295}.Debug|Any CPU.Build.0 = Debug|Any CPU
		{84665507-787D-40E0-84D8-ACB70DFEB295}.Release|Any CPU.ActiveCfg = Release|Any CPU
		{84665507-787D-40E0-84D8-ACB70DFEB295}.Release|Any CPU.Build.0 = Release|Any CPU
		{B4896761-F90B-42B0-85F8-A37C71A04171}.Debug|Any CPU.ActiveCfg = Debug|Any CPU
		{B4896761-F90B-42B0-85F8-A37C71A04171}.Debug|Any CPU.Build.0 = Debug|Any CPU
		{B4896761-F90B-42B0-85F8-A37C71A04171}.Release|Any CPU.ActiveCfg = Release|Any CPU
		{B4896761-F90B-42B0-85F8-A37C71A04171}.Release|Any CPU.Build.0 = Release|Any CPU
		{149084CE-1E32-491D-8878-36DE58F563E1}.Debug|Any CPU.ActiveCfg = Debug|Any CPU
		{149084CE-1E32-491D-8878-36DE58F563E1}.Debug|Any CPU.Build.0 = Debug|Any CPU
		{149084CE-1E32-491D-8878-36DE58F563E1}.Release|Any CPU.ActiveCfg = Release|Any CPU
		{149084CE-1E32-491D-8878-36DE58F563E1}.Release|Any CPU.Build.0 = Release|Any CPU
	EndGlobalSection
	GlobalSection(SolutionProperties) = preSolution
		HideSolutionNode = FALSE
	EndGlobalSection
	GlobalSection(NestedProjects) = preSolution
		{16476273-59FD-4188-B7CA-F2EFA322B3B2} = {AC76A36F-8124-46DA-BA5F-6BEC9AD1877E}
		{F8906823-E21D-41FD-98B7-812CE37741DD} = {AC76A36F-8124-46DA-BA5F-6BEC9AD1877E}
		{24D25782-1D9D-44FC-B348-3974F4B5B2D5} = {36E51E86-E7ED-4DEF-9D98-DC0E0EE8C36C}
		{26E3F8BA-3D08-4050-AFDB-76D36CB7AAC8} = {36E51E86-E7ED-4DEF-9D98-DC0E0EE8C36C}
		{84665507-787D-40E0-84D8-ACB70DFEB295} = {36E51E86-E7ED-4DEF-9D98-DC0E0EE8C36C}
		{B4896761-F90B-42B0-85F8-A37C71A04171} = {36E51E86-E7ED-4DEF-9D98-DC0E0EE8C36C}
		{1829C552-28A9-40B8-B36F-B1F918CE40E5} = {AC76A36F-8124-46DA-BA5F-6BEC9AD1877E}
		{149084CE-1E32-491D-8878-36DE58F563E1} = {1829C552-28A9-40B8-B36F-B1F918CE40E5}
	EndGlobalSection
	GlobalSection(ExtensibilityGlobals) = postSolution
		SolutionGuid = {A7E6E6E2-C699-4697-9524-E019F2D5B5EB}
	EndGlobalSection
EndGlobal
